<?xml version="1.0" encoding="utf-8"?>
<Project ToolsVersion="4.0" xmlns="http://schemas.microsoft.com/developer/msbuild/2003">
  <ItemGroup>
    <Filter Include="Source Files">
      <UniqueIdentifier>{4FC737F1-C7A5-4376-A066-2A32D752A2FF}</UniqueIdentifier>
      <Extensions>cpp;c;cc;cxx;def;odl;idl;hpj;bat;asm;asmx</Extensions>
    </Filter>
    <Filter Include="Header Files">
      <UniqueIdentifier>{93995380-89BD-4b04-88EB-625FBE52EBFB}</UniqueIdentifier>
      <Extensions>h;hh;hpp;hxx;hm;inl;inc;xsd</Extensions>
    </Filter>
    <Filter Include="Resource Files">
      <UniqueIdentifier>{67DA6AB6-F800-4c08-8B7A-83BB121AAD01}</UniqueIdentifier>
      <Extensions>rc;ico;cur;bmp;dlg;rc2;rct;bin;rgs;gif;jpg;jpeg;jpe;resx;tiff;tif;png;wav;mfcribbon-ms</Extensions>
    </Filter>
  </ItemGroup>
  <ItemGroup>
    <ClCompile Include="nsign\jsengine.cpp">
      <Filter>Source Files</Filter>
    </ClCompile>
    <ClCompile Include="nsign\jsexception.cpp">
      <Filter>Source Files</Filter>
    </ClCompile>
    <ClCompile Include="nsign\jsig.cpp">
      <Filter>Source Files</Filter>
    </ClCompile>
    <ClCompile Include="nsign\jssig.cpp">
      <Filter>Source Files</Filter>
    </ClCompile>
    <ClCompile Include="nsign\jsstopwatch.cpp">
      <Filter>Source Files</Filter>
    </ClCompile>
    <ClCompile Include="nsign\jsuri.cpp">
      <Filter>Source Files</Filter>
    </ClCompile>
    <ClCompile Include="nsign\md5.cpp">
      <Filter>Source Files</Filter>
    </ClCompile>
    <ClCompile Include="nsign\sqlite3.c">
      <Filter>Source Files</Filter>
    </ClCompile>
    <ClCompile Include="jsapi.cpp">
      <Filter>Source Files</Filter>
    </ClCompile>
    <ClCompile Include="jsfun.cpp">
      <Filter>Source Files</Filter>
    </ClCompile>
    <ClCompile Include="jsinterp.cpp">
      <Filter>Source Files</Filter>
    </ClCompile>
    <ClCompile Include="jsobj.cpp">
      <Filter>Source Files</Filter>
    </ClCompile>
    <ClCompile Include="nsign\format.cc">
      <Filter>Source Files</Filter>
    </ClCompile>
    <ClCompile Include="nsign\sha1.cpp">
      <Filter>Source Files</Filter>
    </ClCompile>
  </ItemGroup>
  <ItemGroup>
    <ClInclude Include="nsign\jsengine.h">
      <Filter>Header Files</Filter>
    </ClInclude>
    <ClInclude Include="nsign\jsexception.h">
      <Filter>Header Files</Filter>
    </ClInclude>
    <ClInclude Include="nsign\jsgd.h">
      <Filter>Header Files</Filter>
    </ClInclude>
    <ClInclude Include="nsign\jsig.h">
      <Filter>Header Files</Filter>
    </ClInclude>
    <ClInclude Include="nsign\jssig.h">
      <Filter>Header Files</Filter>
    </ClInclude>
    <ClInclude Include="nsign\jsstopwatch.h">
      <Filter>Header Files</Filter>
    </ClInclude>
    <ClInclude Include="nsign\jsuri.h">
      <Filter>Header Files</Filter>
    </ClInclude>
    <ClInclude Include="nsign\md5.h">
      <Filter>Header Files</Filter>
    </ClInclude>
    <ClInclude Include="nsign\sqlite3.h">
      <Filter>Header Files</Filter>
    </ClInclude>
    <ClInclude Include="nsign\format.h">
      <Filter>Header Files</Filter>
    </ClInclude>
    <ClInclude Include="nsign\sha1.h">
      <Filter>Header Files</Filter>
    </ClInclude>
  </ItemGroup>
  <ItemGroup>
    <None Include="js-config.h.in" />
    <None Include="Makefile.in" />
    <None Include="Makefile.ref" />
    <None Include="moz.build" />
  </ItemGroup>
</Project>